
Microsoft Visual Studio Solution File, Format Version 12.00
# Visual Studio Version 17
VisualStudioVersion = 17.4.33122.133
MinimumVisualStudioVersion = 10.0.40219.1
Project("{FAE04EC0-301F-11D3-BF4B-00C04F79EFBC}") = "WorkingWithWindowsForms", "WorkingWithWindowsForms\WorkingWithWindowsForms.csproj", "{599BA1FB-C5ED-450A-B964-46CA361D2460}"
EndProject
Global
	GlobalSection(SolutionConfigurationPlatforms) = preSolution
		Debug|Any CPU = Debug|Any CPU
		Release|Any CPU = Release|Any CPU
	EndGlobalSection
	GlobalSection(ProjectConfigurationPlatforms) = postSolution
		{599BA1FB-C5ED-450A-B964-46CA361D2460}.Debug|Any CPU.ActiveCfg = Debug|Any CPU
		{599BA1FB-C5ED-450A-B964-46CA361D2460}.Debug|Any CPU.Build.0 = Debug|Any CPU
		{599BA1FB-C5ED-450A-B964-46CA361D2460}.Release|Any CPU.ActiveCfg = Release|Any CPU
		{599BA1FB-C5ED-450A-B964-46CA361D2460}.Release|Any CPU.Build.0 = Release|Any CPU
	EndGlobalSection
	GlobalSection(SolutionProperties) = preSolution
		HideSolutionNode = FALSE
	EndGlobalSection
	GlobalSection(ExtensibilityGlobals) = postSolution
		SolutionGuid = {BEBCE7DA-39E4-4C49-9417-AC3E750655E6}
	EndGlobalSection
EndGlobal
